
Microsoft Visual Studio Solution File, Format Version 12.00
# Visual Studio Version 16
VisualStudioVersion = 16.0.31515.178
MinimumVisualStudioVersion = 10.0.40219.1
Project("{FAE04EC0-301F-11D3-BF4B-00C04F79EFBC}") = "WebApplication8.Server", "WebApplication8\Server\WebApplication8.Server.csproj", "{A457275D-DEB0-4A1F-8F31-4E96D57921E8}"
EndProject
Project("{FAE04EC0-301F-11D3-BF4B-00C04F79EFBC}") = "WebApplication8.Client", "WebApplication8\Client\WebApplication8.Client.csproj", "{DCCFEDF5-C4A5-4718-8CE9-9AA7F8CC71BD}"
EndProject
Project("{FAE04EC0-301F-11D3-BF4B-00C04F79EFBC}") = "WebApplication8.Shared", "WebApplication8\Shared\WebApplication8.Shared.csproj", "{C7D105C2-02F7-4109-B387-AE860E2D9301}"
EndProject
Global
	GlobalSection(SolutionConfigurationPlatforms) = preSolution
		Debug|Any CPU = Debug|Any CPU
		Release|Any CPU = Release|Any CPU
	EndGlobalSection
	GlobalSection(ProjectConfigurationPlatforms) = postSolution
		{A457275D-DEB0-4A1F-8F31-4E96D57921E8}.Debug|Any CPU.ActiveCfg = Debug|Any CPU
		{A457275D-DEB0-4A1F-8F31-4E96D57921E8}.Debug|Any CPU.Build.0 = Debug|Any CPU
		{A457275D-DEB0-4A1F-8F31-4E96D57921E8}.Release|Any CPU.ActiveCfg = Release|Any CPU
		{A457275D-DEB0-4A1F-8F31-4E96D57921E8}.Release|Any CPU.Build.0 = Release|Any CPU
		{DCCFEDF5-C4A5-4718-8CE9-9AA7F8CC71BD}.Debug|Any CPU.ActiveCfg = Debug|Any CPU
		{DCCFEDF5-C4A5-4718-8CE9-9AA7F8CC71BD}.Debug|Any CPU.Build.0 = Debug|Any CPU
		{DCCFEDF5-C4A5-4718-8CE9-9AA7F8CC71BD}.Release|Any CPU.ActiveCfg = Release|Any CPU
		{DCCFEDF5-C4A5-4718-8CE9-9AA7F8CC71BD}.Release|Any CPU.Build.0 = Release|Any CPU
		{C7D105C2-02F7-4109-B387-AE860E2D9301}.Debug|Any CPU.ActiveCfg = Debug|Any CPU
		{C7D105C2-02F7-4109-B387-AE860E2D9301}.Debug|Any CPU.Build.0 = Debug|Any CPU
		{C7D105C2-02F7-4109-B387-AE860E2D9301}.Release|Any CPU.ActiveCfg = Release|Any CPU
		{C7D105C2-02F7-4109-B387-AE860E2D9301}.Release|Any CPU.Build.0 = Release|Any CPU
	EndGlobalSection
	GlobalSection(SolutionProperties) = preSolution
		HideSolutionNode = FALSE
	EndGlobalSection
	GlobalSection(ExtensibilityGlobals) = postSolution
		SolutionGuid = {6AD09053-EB06-4030-BD27-78EF688C82CB}
	EndGlobalSection
EndGlobal
